// !$*UTF8*$!
{
	archiveVersion = 1;
	classes = {
	};
	objectVersion = 77;
	objects = {

/* Begin PBXContainerItemProxy section */
		0A66572D2E2AD31C0009F043 /* PBXContainerItemProxy */ = {
			isa = PBXContainerItemProxy;
			containerPortal = 0A6657172E2AD31B0009F043 /* Project object */;
			proxyType = 1;
			remoteGlobalIDString = 0A66571E2E2AD31B0009F043;
			remoteInfo = MoneyTrack;
		};
		0A6657372E2AD31C0009F043 /* PBXContainerItemProxy */ = {
			isa = PBXContainerItemProxy;
			containerPortal = 0A6657172E2AD31B0009F043 /* Project object */;
			proxyType = 1;
			remoteGlobalIDString = 0A66571E2E2AD31B0009F043;
			remoteInfo = MoneyTrack;
		};
/* End PBXContainerItemProxy section */

/* Begin PBXFileReference section */
		0A66571F2E2AD31B0009F043 /* MoneyTrack.app */ = {isa = PBXFileReference; explicitFileType = wrapper.application; includeInIndex = 0; path = MoneyTrack.app; sourceTree = BUILT_PRODUCTS_DIR; };
		0A66572C2E2AD31C0009F043 /* MoneyTrackTests.xctest */ = {isa = PBXFileReference; explicitFileType = wrapper.cfbundle; includeInIndex = 0; path = MoneyTrackTests.xctest; sourceTree = BUILT_PRODUCTS_DIR; };
		0A6657362E2AD31C0009F043 /* MoneyTrackUITests.xctest */ = {isa = PBXFileReference; explicitFileType = wrapper.cfbundle; includeInIndex = 0; path = MoneyTrackUITests.xctest; sourceTree = BUILT_PRODUCTS_DIR; };
/* End PBXFileReference section */

/* Begin PBXFileSystemSynchronizedBuildFileExceptionSet section */
		0A6657982E2AD87B0009F043 /* Exceptions for "MoneyTrack" folder in "MoneyTrack" target */ = {
			isa = PBXFileSystemSynchronizedBuildFileExceptionSet;
			membershipExceptions = (
				Info.plist,
			);
			target = 0A66571E2E2AD31B0009F043 /* MoneyTrack */;
		};
/* End PBXFileSystemSynchronizedBuildFileExceptionSet section */

/* Begin PBXFileSystemSynchronizedRootGroup section */
		0A6657212E2AD31B0009F043 /* MoneyTrack */ = {
			isa = PBXFileSystemSynchronizedRootGroup;
			exceptions = (
				0A6657982E2AD87B0009F043 /* Exceptions for "MoneyTrack" folder in "MoneyTrack" target */,
			);
			path = MoneyTrack;
			sourceTree = "<group>";
		};
		0A66572F2E2AD31C0009F043 /* MoneyTrackTests */ = {
			isa = PBXFileSystemSynchronizedRootGroup;
			path = MoneyTrackTests;
			sourceTree = "<group>";
		};
		0A6657392E2AD31C0009F043 /* MoneyTrackUITests */ = {
			isa = PBXFileSystemSynchronizedRootGroup;
			path = MoneyTrackUITests;
			sourceTree = "<group>";
		};
		0A66574C2E2AD3630009F043 /* Models */ = {
			isa = PBXFileSystemSynchronizedRootGroup;
			path = Models;
			sourceTree = "<group>";
		};
		0A66574E2E2AD3720009F043 /* Views */ = {
			isa = PBXFileSystemSynchronizedRootGroup;
			path = Views;
			sourceTree = "<group>";
		};
		0A6657522E2AD39A0009F043 /* Managers */ = {
			isa = PBXFileSystemSynchronizedRootGroup;
			path = Managers;
			sourceTree = "<group>";
		};
		0A6657542E2AD3A40009F043 /* Extensions */ = {
			isa = PBXFileSystemSynchronizedRootGroup;
			path = Extensions;
			sourceTree = "<group>";
		};
		0A6657562E2AD3B00009F043 /* Assets.xcassets */ = {
			isa = PBXFileSystemSynchronizedRootGroup;
			path = Assets.xcassets;
			sourceTree = "<group>";
		};
		0AF490BA2E37C06800ABC45D /* API */ = {
			isa = PBXFileSystemSynchronizedRootGroup;
			path = API;
			sourceTree = "<group>";
		};
/* End PBXFileSystemSynchronizedRootGroup section */

/* Begin PBXFrameworksBuildPhase section */
		0A66571C2E2AD31B0009F043 /* Frameworks */ = {
			isa = PBXFrameworksBuildPhase;
			buildActionMask = 2147483647;
			files = (
			);
			runOnlyForDeploymentPostprocessing = 0;
		};
		0A6657292E2AD31C0009F043 /* Frameworks */ = {
			isa = PBXFrameworksBuildPhase;
			buildActionMask = 2147483647;
			files = (
			);
			runOnlyForDeploymentPostprocessing = 0;
		};
		0A6657332E2AD31C0009F043 /* Frameworks */ = {
			isa = PBXFrameworksBuildPhase;
			buildActionMask = 2147483647;
			files = (
			);
			runOnlyForDeploymentPostprocessing = 0;
		};
/* End PBXFrameworksBuildPhase section */

/* Begin PBXGroup section */
		0A6657162E2AD31B0009F043 = {
			isa = PBXGroup;
			children = (
				0A6657212E2AD31B0009F043 /* MoneyTrack */,
				0A66572F2E2AD31C0009F043 /* MoneyTrackTests */,
				0A6657392E2AD31C0009F043 /* MoneyTrackUITests */,
				0A6657202E2AD31B0009F043 /* Products */,
				0A66574C2E2AD3630009F043 /* Models */,
				0A66574E2E2AD3720009F043 /* Views */,
				0A6657522E2AD39A0009F043 /* Managers */,
				0A6657542E2AD3A40009F043 /* Extensions */,
				0A6657562E2AD3B00009F043 /* Assets.xcassets */,
				0AF490BA2E37C06800ABC45D /* API */,
			);
			sourceTree = "<group>";
		};
		0A6657202E2AD31B0009F043 /* Products */ = {
			isa = PBXGroup;
			children = (
				0A66571F2E2AD31B0009F043 /* MoneyTrack.app */,
				0A66572C2E2AD31C0009F043 /* MoneyTrackTests.xctest */,
				0A6657362E2AD31C0009F043 /* MoneyTrackUITests.xctest */,
			);
			name = Products;
			sourceTree = "<group>";
		};
/* End PBXGroup section */

/* Begin PBXNativeTarget section */
		0A66571E2E2AD31B0009F043 /* MoneyTrack */ = {
			isa = PBXNativeTarget;
			buildConfigurationList = 0A6657402E2AD31C0009F043 /* Build configuration list for PBXNativeTarget "MoneyTrack" */;
			buildPhases = (
				0A66571B2E2AD31B0009F043 /* Sources */,
				0A66571C2E2AD31B0009F043 /* Frameworks */,
				0A66571D2E2AD31B0009F043 /* Resources */,
			);
			buildRules = (
			);
			dependencies = (
			);
			fileSystemSynchronizedGroups = (
				0A6657212E2AD31B0009F043 /* MoneyTrack */,
				0A66574C2E2AD3630009F043 /* Models */,
				0A66574E2E2AD3720009F043 /* Views */,
				0A6657522E2AD39A0009F043 /* Managers */,
				0A6657542E2AD3A40009F043 /* Extensions */,
				0A6657562E2AD3B00009F043 /* Assets.xcassets */,
				0AF490BA2E37C06800ABC45D /* API */,
			);
			name = MoneyTrack;
			packageProductDependencies = (
			);
			productName = MoneyTrack;
			productReference = 0A66571F2E2AD31B0009F043 /* MoneyTrack.app */;
			productType = "com.apple.product-type.application";
		};
		0A66572B2E2AD31C0009F043 /* MoneyTrackTests */ = {
			isa = PBXNativeTarget;
			buildConfigurationList = 0A6657432E2AD31C0009F043 /* Build configuration list for PBXNativeTarget "MoneyTrackTests" */;
			buildPhases = (
				0A6657282E2AD31C0009F043 /* Sources */,
				0A6657292E2AD31C0009F043 /* Frameworks */,
				0A66572A2E2AD31C0009F043 /* Resources */,
			);
			buildRules = (
			);
			dependencies = (
				0A66572E2E2AD31C0009F043 /* PBXTargetDependency */,
			);
			fileSystemSynchronizedGroups = (
				0A66572F2E2AD31C0009F043 /* MoneyTrackTests */,
			);
			name = MoneyTrackTests;
			packageProductDependencies = (
			);
			productName = MoneyTrackTests;
			productReference = 0A66572C2E2AD31C0009F043 /* MoneyTrackTests.xctest */;
			productType = "com.apple.product-type.bundle.unit-test";
		};
		0A6657352E2AD31C0009F043 /* MoneyTrackUITests */ = {
			isa = PBXNativeTarget;
			buildConfigurationList = 0A6657462E2AD31C0009F043 /* Build configuration list for PBXNativeTarget "MoneyTrackUITests" */;
			buildPhases = (
				0A6657322E2AD31C0009F043 /* Sources */,
				0A6657332E2AD31C0009F043 /* Frameworks */,
				0A6657342E2AD31C0009F043 /* Resources */,
			);
			buildRules = (
			);
			dependencies = (
				0A6657382E2AD31C0009F043 /* PBXTargetDependency */,
			);
			fileSystemSynchronizedGroups = (
				0A6657392E2AD31C0009F043 /* MoneyTrackUITests */,
			);
			name = MoneyTrackUITests;
			packageProductDependencies = (
			);
			productName = MoneyTrackUITests;
			productReference = 0A6657362E2AD31C0009F043 /* MoneyTrackUITests.xctest */;
			productType = "com.apple.product-type.bundle.ui-testing";
		};
/* End PBXNativeTarget section */

/* Begin PBXProject section */
		0A6657172E2AD31B0009F043 /* Project object */ = {
			isa = PBXProject;
			attributes = {
				BuildIndependentTargetsInParallel = 1;
				LastSwiftUpdateCheck = 1630;
				LastUpgradeCheck = 1630;
				TargetAttributes = {
					0A66571E2E2AD31B0009F043 = {
						CreatedOnToolsVersion = 16.3;
					};
					0A66572B2E2AD31C0009F043 = {
						CreatedOnToolsVersion = 16.3;
						TestTargetID = 0A66571E2E2AD31B0009F043;
					};
					0A6657352E2AD31C0009F043 = {
						CreatedOnToolsVersion = 16.3;
						TestTargetID = 0A66571E2E2AD31B0009F043;
					};
				};
			};
			buildConfigurationList = 0A66571A2E2AD31B0009F043 /* Build configuration list for PBXProject "MoneyTrack" */;
			developmentRegion = en;
			hasScannedForEncodings = 0;
			knownRegions = (
				en,
				Base,
			);
			mainGroup = 0A6657162E2AD31B0009F043;
			minimizedProjectReferenceProxies = 1;
			preferredProjectObjectVersion = 77;
			productRefGroup = 0A6657202E2AD31B0009F043 /* Products */;
			projectDirPath = "";
			projectRoot = "";
			targets = (
				0A66571E2E2AD31B0009F043 /* MoneyTrack */,
				0A66572B2E2AD31C0009F043 /* MoneyTrackTests */,
				0A6657352E2AD31C0009F043 /* MoneyTrackUITests */,
			);
		};
/* End PBXProject section */

/* Begin PBXResourcesBuildPhase section */
		0A66571D2E2AD31B0009F043 /* Resources */ = {
			isa = PBXResourcesBuildPhase;
			buildActionMask = 2147483647;
			files = (
			);
			runOnlyForDeploymentPostprocessing = 0;
		};
		0A66572A2E2AD31C0009F043 /* Resources */ = {
			isa = PBXResourcesBuildPhase;
			buildActionMask = 2147483647;
			files = (
			);
			runOnlyForDeploymentPostprocessing = 0;
		};
		0A6657342E2AD31C0009F043 /* Resources */ = {
			isa = PBXResourcesBuildPhase;
			buildActionMask = 2147483647;
			files = (
			);
			runOnlyForDeploymentPostprocessing = 0;
		};
/* End PBXResourcesBuildPhase section */

/* Begin PBXSourcesBuildPhase section */
		0A66571B2E2AD31B0009F043 /* Sources */ = {
			isa = PBXSourcesBuildPhase;
			buildActionMask = 2147483647;
			files = (
			);
			runOnlyForDeploymentPostprocessing = 0;
		};
		0A6657282E2AD31C0009F043 /* Sources */ = {
			isa = PBXSourcesBuildPhase;
			buildActionMask = 2147483647;
			files = (
			);
			runOnlyForDeploymentPostprocessing = 0;
		};
		0A6657322E2AD31C0009F043 /* Sources */ = {
			isa = PBXSourcesBuildPhase;
			buildActionMask = 2147483647;
			files = (
			);
			runOnlyForDeploymentPostprocessing = 0;
		};
/* End PBXSourcesBuildPhase section */

/* Begin PBXTargetDependency section */
		0A66572E2E2AD31C0009F043 /* PBXTargetDependency */ = {
			isa = PBXTargetDependency;
			target = 0A66571E2E2AD31B0009F043 /* MoneyTrack */;
			targetProxy = 0A66572D2E2AD31C0009F043 /* PBXContainerItemProxy */;
		};
		0A6657382E2AD31C0009F043 /* PBXTargetDependency */ = {
			isa = PBXTargetDependency;
			target = 0A66571E2E2AD31B0009F043 /* MoneyTrack */;
			targetProxy = 0A6657372E2AD31C0009F043 /* PBXContainerItemProxy */;
		};
/* End PBXTargetDependency section */

/* Begin XCBuildConfiguration section */
		0A66573E2E2AD31C0009F043 /* Debug */ = {
			isa = XCBuildConfiguration;
			buildSettings = {
				ALWAYS_SEARCH_USER_PATHS = NO;
				ASSETCATALOG_COMPILER_GENERATE_SWIFT_ASSET_SYMBOL_EXTENSIONS = YES;
				CLANG_ANALYZER_NONNULL = YES;
				CLANG_ANALYZER_NUMBER_OBJECT_CONVERSION = YES_AGGRESSIVE;
				CLANG_CXX_LANGUAGE_STANDARD = "gnu++20";
				CLANG_ENABLE_MODULES = YES;
				CLANG_ENABLE_OBJC_ARC = YES;
				CLANG_ENABLE_OBJC_WEAK = YES;
				CLANG_WARN_BLOCK_CAPTURE_AUTORELEASING = YES;
				CLANG_WARN_BOOL_CONVERSION = YES;
				CLANG_WARN_COMMA = YES;
				CLANG_WARN_CONSTANT_CONVERSION = YES;
				CLANG_WARN_DEPRECATED_OBJC_IMPLEMENTATIONS = YES;
				CLANG_WARN_DIRECT_OBJC_ISA_USAGE = YES_ERROR;
				CLANG_WARN_DOCUMENTATION_COMMENTS = YES;
				CLANG_WARN_EMPTY_BODY = YES;
				CLANG_WARN_ENUM_CONVERSION = YES;
				CLANG_WARN_INFINITE_RECURSION = YES;
				CLANG_WARN_INT_CONVERSION = YES;
				CLANG_WARN_NON_LITERAL_NULL_CONVERSION = YES;
				CLANG_WARN_OBJC_IMPLICIT_RETAIN_SELF = YES;
				CLANG_WARN_OBJC_LITERAL_CONVERSION = YES;
				CLANG_WARN_OBJC_ROOT_CLASS = YES_ERROR;
				CLANG_WARN_QUOTED_INCLUDE_IN_FRAMEWORK_HEADER = YES;
				CLANG_WARN_RANGE_LOOP_ANALYSIS = YES;
				CLANG_WARN_STRICT_PROTOTYPES = YES;
				CLANG_WARN_SUSPICIOUS_MOVE = YES;
				CLANG_WARN_UNGUARDED_AVAILABILITY = YES_AGGRESSIVE;
				CLANG_WARN_UNREACHABLE_CODE = YES;
				CLANG_WARN__DUPLICATE_METHOD_MATCH = YES;
				COPY_PHASE_STRIP = NO;
				DEBUG_INFORMATION_FORMAT = dwarf;
				DEVELOPMENT_TEAM = LR38K7HG8W;
				ENABLE_STRICT_OBJC_MSGSEND = YES;
				ENABLE_TESTABILITY = YES;
				ENABLE_USER_SCRIPT_SANDBOXING = YES;
				GCC_C_LANGUAGE_STANDARD = gnu17;
				GCC_DYNAMIC_NO_PIC = NO;
				GCC_NO_COMMON_BLOCKS = YES;
				GCC_OPTIMIZATION_LEVEL = 0;
				GCC_PREPROCESSOR_DEFINITIONS = (
					"DEBUG=1",
					"$(inherited)",
				);
				GCC_WARN_64_TO_32_BIT_CONVERSION = YES;
				GCC_WARN_ABOUT_RETURN_TYPE = YES_ERROR;
				GCC_WARN_UNDECLARED_SELECTOR = YES;
				GCC_WARN_UNINITIALIZED_AUTOS = YES_AGGRESSIVE;
				GCC_WARN_UNUSED_FUNCTION = YES;
				GCC_WARN_UNUSED_VARIABLE = YES;
				IPHONEOS_DEPLOYMENT_TARGET = 18.4;
				LOCALIZATION_PREFERS_STRING_CATALOGS = YES;
				MTL_ENABLE_DEBUG_INFO = INCLUDE_SOURCE;
				MTL_FAST_MATH = YES;
				ONLY_ACTIVE_ARCH = YES;
				SDKROOT = iphoneos;
				SWIFT_ACTIVE_COMPILATION_CONDITIONS = "DEBUG $(inherited)";
				SWIFT_OPTIMIZATION_LEVEL = "-Onone";
			};
			name = Debug;
		};
		0A66573F2E2AD31C0009F043 /* Release */ = {
			isa = XCBuildConfiguration;
			buildSettings = {
				ALWAYS_SEARCH_USER_PATHS = NO;
				ASSETCATALOG_COMPILER_GENERATE_SWIFT_ASSET_SYMBOL_EXTENSIONS = YES;
				CLANG_ANALYZER_NONNULL = YES;
				CLANG_ANALYZER_NUMBER_OBJECT_CONVERSION = YES_AGGRESSIVE;
				CLANG_CXX_LANGUAGE_STANDARD = "gnu++20";
				CLANG_ENABLE_MODULES = YES;
				CLANG_ENABLE_OBJC_ARC = YES;
				CLANG_ENABLE_OBJC_WEAK = YES;
				CLANG_WARN_BLOCK_CAPTURE_AUTORELEASING = YES;
				CLANG_WARN_BOOL_CONVERSION = YES;
				CLANG_WARN_COMMA = YES;
				CLANG_WARN_CONSTANT_CONVERSION = YES;
				CLANG_WARN_DEPRECATED_OBJC_IMPLEMENTATIONS = YES;
				CLANG_WARN_DIRECT_OBJC_ISA_USAGE = YES_ERROR;
				CLANG_WARN_DOCUMENTATION_COMMENTS = YES;
				CLANG_WARN_EMPTY_BODY = YES;
				CLANG_WARN_ENUM_CONVERSION = YES;
				CLANG_WARN_INFINITE_RECURSION = YES;
				CLANG_WARN_INT_CONVERSION = YES;
				CLANG_WARN_NON_LITERAL_NULL_CONVERSION = YES;
				CLANG_WARN_OBJC_IMPLICIT_RETAIN_SELF = YES;
				CLANG_WARN_OBJC_LITERAL_CONVERSION = YES;
				CLANG_WARN_OBJC_ROOT_CLASS = YES_ERROR;
				CLANG_WARN_QUOTED_INCLUDE_IN_FRAMEWORK_HEADER = YES;
				CLANG_WARN_RANGE_LOOP_ANALYSIS = YES;
				CLANG_WARN_STRICT_PROTOTYPES = YES;
				CLANG_WARN_SUSPICIOUS_MOVE = YES;
				CLANG_WARN_UNGUARDED_AVAILABILITY = YES_AGGRESSIVE;
				CLANG_WARN_UNREACHABLE_CODE = YES;
				CLANG_WARN__DUPLICATE_METHOD_MATCH = YES;
				COPY_PHASE_STRIP = NO;
				DEBUG_INFORMATION_FORMAT = "dwarf-with-dsym";
				DEVELOPMENT_TEAM = LR38K7HG8W;
				ENABLE_NS_ASSERTIONS = NO;
				ENABLE_STRICT_OBJC_MSGSEND = YES;
				ENABLE_USER_SCRIPT_SANDBOXING = YES;
				GCC_C_LANGUAGE_STANDARD = gnu17;
				GCC_NO_COMMON_BLOCKS = YES;
				GCC_WARN_64_TO_32_BIT_CONVERSION = YES;
				GCC_WARN_ABOUT_RETURN_TYPE = YES_ERROR;
				GCC_WARN_UNDECLARED_SELECTOR = YES;
				GCC_WARN_UNINITIALIZED_AUTOS = YES_AGGRESSIVE;
				GCC_WARN_UNUSED_FUNCTION = YES;
				GCC_WARN_UNUSED_VARIABLE = YES;
				IPHONEOS_DEPLOYMENT_TARGET = 18.4;
				LOCALIZATION_PREFERS_STRING_CATALOGS = YES;
				MTL_ENABLE_DEBUG_INFO = NO;
				MTL_FAST_MATH = YES;
				SDKROOT = iphoneos;
				SWIFT_COMPILATION_MODE = wholemodule;
				VALIDATE_PRODUCT = YES;
			};
			name = Release;
		};
		0A6657412E2AD31C0009F043 /* Debug */ = {
			isa = XCBuildConfiguration;
			buildSettings = {
				ASSETCATALOG_COMPILER_APPICON_NAME = AppIcon;
				ASSETCATALOG_COMPILER_GLOBAL_ACCENT_COLOR_NAME = AccentColor;
				CODE_SIGN_STYLE = Automatic;
				CURRENT_PROJECT_VERSION = 1;
				DEVELOPMENT_TEAM = LR38K7HG8W;
				ENABLE_PREVIEWS = YES;
				GENERATE_INFOPLIST_FILE = YES;
				INFOPLIST_KEY_LSApplicationCategoryType = "public.app-category.finance";
				INFOPLIST_KEY_UIApplicationSceneManifest_Generation = YES;
				INFOPLIST_KEY_UIApplicationSupportsIndirectInputEvents = YES;
				INFOPLIST_KEY_UILaunchScreen_Generation = YES;
				INFOPLIST_KEY_UISupportedInterfaceOrientations_iPad = "UIInterfaceOrientationPortrait UIInterfaceOrientationPortraitUpsideDown UIInterfaceOrientationLandscapeLeft UIInterfaceOrientationLandscapeRight";
				INFOPLIST_KEY_UISupportedInterfaceOrientations_iPhone = "UIInterfaceOrientationPortrait UIInterfaceOrientationLandscapeLeft UIInterfaceOrientationLandscapeRight";
				IPHONEOS_DEPLOYMENT_TARGET = 17.6;
				LD_RUNPATH_SEARCH_PATHS = (
					"$(inherited)",
					"@executable_path/Frameworks",
				);
				MARKETING_VERSION = 1.0;
				PRODUCT_BUNDLE_IDENTIFIER = DS99.MoneyTrack;
				PRODUCT_NAME = "$(TARGET_NAME)";
				SWIFT_EMIT_LOC_STRINGS = YES;
				SWIFT_VERSION = 5.0;
				TARGETED_DEVICE_FAMILY = "1,2";
			};
			name = Debug;
		};
		0A6657422E2AD31C0009F043 /* Release */ = {
			isa = XCBuildConfiguration;
			buildSettings = {
				ASSETCATALOG_COMPILER_APPICON_NAME = AppIcon;
				ASSETCATALOG_COMPILER_GLOBAL_ACCENT_COLOR_NAME = AccentColor;
				CODE_SIGN_STYLE = Automatic;
				CURRENT_PROJECT_VERSION = 1;
				DEVELOPMENT_TEAM = LR38K7HG8W;
				ENABLE_PREVIEWS = YES;
				GENERATE_INFOPLIST_FILE = YES;
				INFOPLIST_KEY_LSApplicationCategoryType = "public.app-category.finance";
				INFOPLIST_KEY_UIApplicationSceneManifest_Generation = YES;
				INFOPLIST_KEY_UIApplicationSupportsIndirectInputEvents = YES;
				INFOPLIST_KEY_UILaunchScreen_Generation = YES;
				INFOPLIST_KEY_UISupportedInterfaceOrientations_iPad = "UIInterfaceOrientationPortrait UIInterfaceOrientationPortraitUpsideDown UIInterfaceOrientationLandscapeLeft UIInterfaceOrientationLandscapeRight";
				INFOPLIST_KEY_UISupportedInterfaceOrientations_iPhone = "UIInterfaceOrientationPortrait UIInterfaceOrientationLandscapeLeft UIInterfaceOrientationLandscapeRight";
				IPHONEOS_DEPLOYMENT_TARGET = 17.6;
				LD_RUNPATH_SEARCH_PATHS = (
					"$(inherited)",
					"@executable_path/Frameworks",
				);
				MARKETING_VERSION = 1.0;
				PRODUCT_BUNDLE_IDENTIFIER = DS99.MoneyTrack;
				PRODUCT_NAME = "$(TARGET_NAME)";
				SWIFT_EMIT_LOC_STRINGS = YES;
				SWIFT_VERSION = 5.0;
				TARGETED_DEVICE_FAMILY = "1,2";
			};
			name = Release;
		};
		0A6657442E2AD31C0009F043 /* Debug */ = {
			isa = XCBuildConfiguration;
			buildSettings = {
				BUNDLE_LOADER = "$(TEST_HOST)";
				CODE_SIGN_STYLE = Automatic;
				CURRENT_PROJECT_VERSION = 1;
				DEVELOPMENT_TEAM = LR38K7HG8W;
				GENERATE_INFOPLIST_FILE = YES;
				IPHONEOS_DEPLOYMENT_TARGET = 18.4;
				MARKETING_VERSION = 1.0;
				PRODUCT_BUNDLE_IDENTIFIER = DS99.MoneyTrackTests;
				PRODUCT_NAME = "$(TARGET_NAME)";
				SWIFT_EMIT_LOC_STRINGS = NO;
				SWIFT_VERSION = 5.0;
				TARGETED_DEVICE_FAMILY = "1,2";
				TEST_HOST = "$(BUILT_PRODUCTS_DIR)/MoneyTrack.app/$(BUNDLE_EXECUTABLE_FOLDER_PATH)/MoneyTrack";
			};
			name = Debug;
		};
		0A6657452E2AD31C0009F043 /* Release */ = {
			isa = XCBuildConfiguration;
			buildSettings = {
				BUNDLE_LOADER = "$(TEST_HOST)";
				CODE_SIGN_STYLE = Automatic;
				CURRENT_PROJECT_VERSION = 1;
				DEVELOPMENT_TEAM = LR38K7HG8W;
				GENERATE_INFOPLIST_FILE = YES;
				IPHONEOS_DEPLOYMENT_TARGET = 18.4;
				MARKETING_VERSION = 1.0;
				PRODUCT_BUNDLE_IDENTIFIER = DS99.MoneyTrackTests;
				PRODUCT_NAME = "$(TARGET_NAME)";
				SWIFT_EMIT_LOC_STRINGS = NO;
				SWIFT_VERSION = 5.0;
				TARGETED_DEVICE_FAMILY = "1,2";
				TEST_HOST = "$(BUILT_PRODUCTS_DIR)/MoneyTrack.app/$(BUNDLE_EXECUTABLE_FOLDER_PATH)/MoneyTrack";
			};
			name = Release;
		};
		0A6657472E2AD31C0009F043 /* Debug */ = {
			isa = XCBuildConfiguration;
			buildSettings = {
				CODE_SIGN_STYLE = Automatic;
				CURRENT_PROJECT_VERSION = 1;
				DEVELOPMENT_TEAM = LR38K7HG8W;
				GENERATE_INFOPLIST_FILE = YES;
				MARKETING_VERSION = 1.0;
				PRODUCT_BUNDLE_IDENTIFIER = DS99.MoneyTrackUITests;
				PRODUCT_NAME = "$(TARGET_NAME)";
				SWIFT_EMIT_LOC_STRINGS = NO;
				SWIFT_VERSION = 5.0;
				TARGETED_DEVICE_FAMILY = "1,2";
				TEST_TARGET_NAME = MoneyTrack;
			};
			name = Debug;
		};
		0A6657482E2AD31C0009F043 /* Release */ = {
			isa = XCBuildConfiguration;
			buildSettings = {
				CODE_SIGN_STYLE = Automatic;
				CURRENT_PROJECT_VERSION = 1;
				DEVELOPMENT_TEAM = LR38K7HG8W;
				GENERATE_INFOPLIST_FILE = YES;
				MARKETING_VERSION = 1.0;
				PRODUCT_BUNDLE_IDENTIFIER = DS99.MoneyTrackUITests;
				PRODUCT_NAME = "$(TARGET_NAME)";
				SWIFT_EMIT_LOC_STRINGS = NO;
				SWIFT_VERSION = 5.0;
				TARGETED_DEVICE_FAMILY = "1,2";
				TEST_TARGET_NAME = MoneyTrack;
			};
			name = Release;
		};
/* End XCBuildConfiguration section */

/* Begin XCConfigurationList section */
		0A66571A2E2AD31B0009F043 /* Build configuration list for PBXProject "MoneyTrack" */ = {
			isa = XCConfigurationList;
			buildConfigurations = (
				0A66573E2E2AD31C0009F043 /* Debug */,
				0A66573F2E2AD31C0009F043 /* Release */,
			);
			defaultConfigurationIsVisible = 0;
			defaultConfigurationName = Release;
		};
		0A6657402E2AD31C0009F043 /* Build configuration list for PBXNativeTarget "MoneyTrack" */ = {
			isa = XCConfigurationList;
			buildConfigurations = (
				0A6657412E2AD31C0009F043 /* Debug */,
				0A6657422E2AD31C0009F043 /* Release */,
			);
			defaultConfigurationIsVisible = 0;
			defaultConfigurationName = Release;
		};
		0A6657432E2AD31C0009F043 /* Build configuration list for PBXNativeTarget "MoneyTrackTests" */ = {
			isa = XCConfigurationList;
			buildConfigurations = (
				0A6657442E2AD31C0009F043 /* Debug */,
				0A6657452E2AD31C0009F043 /* Release */,
			);
			defaultConfigurationIsVisible = 0;
			defaultConfigurationName = Release;
		};
		0A6657462E2AD31C0009F043 /* Build configuration list for PBXNativeTarget "MoneyTrackUITests" */ = {
			isa = XCConfigurationList;
			buildConfigurations = (
				0A6657472E2AD31C0009F043 /* Debug */,
				0A6657482E2AD31C0009F043 /* Release */,
			);
			defaultConfigurationIsVisible = 0;
			defaultConfigurationName = Release;
		};
/* End XCConfigurationList section */
	};
	rootObject = 0A6657172E2AD31B0009F043 /* Project object */;
}
